// !$*UTF8*$!
{
	archiveVersion = 1;
	classes = {
	};
	objectVersion = 55;
	objects = {

/* Begin PBXBuildFile section */
		716F825927F48DBD0012F8FA /* VisionRequest.swift in Sources */ = {isa = PBXBuildFile; fileRef = 716F825827F48DBD0012F8FA /* VisionRequest.swift */; };
		71DC8A2D27F47E2E00A50013 /* Sign_Alphabet_RecognizerApp.swift in Sources */ = {isa = PBXBuildFile; fileRef = 71DC8A2C27F47E2E00A50013 /* Sign_Alphabet_RecognizerApp.swift */; };
		71DC8A2F27F47E2E00A50013 /* ContentView.swift in Sources */ = {isa = PBXBuildFile; fileRef = 71DC8A2E27F47E2E00A50013 /* ContentView.swift */; };
		71DC8A3127F47E3000A50013 /* Assets.xcassets in Resources */ = {isa = PBXBuildFile; fileRef = 71DC8A3027F47E3000A50013 /* Assets.xcassets */; };
		71DC8A3427F47E3000A50013 /* Preview Assets.xcassets in Resources */ = {isa = PBXBuildFile; fileRef = 71DC8A3327F47E3000A50013 /* Preview Assets.xcassets */; };
		71DC8A3F27F47E3000A50013 /* Sign_Alphabet_RecognizerTests.swift in Sources */ = {isa = PBXBuildFile; fileRef = 71DC8A3E27F47E3000A50013 /* Sign_Alphabet_RecognizerTests.swift */; };
		71DC8A4927F47E3000A50013 /* Sign_Alphabet_RecognizerUITests.swift in Sources */ = {isa = PBXBuildFile; fileRef = 71DC8A4827F47E3000A50013 /* Sign_Alphabet_RecognizerUITests.swift */; };
		71DC8A4B27F47E3000A50013 /* Sign_Alphabet_RecognizerUITestsLaunchTests.swift in Sources */ = {isa = PBXBuildFile; fileRef = 71DC8A4A27F47E3000A50013 /* Sign_Alphabet_RecognizerUITestsLaunchTests.swift */; };
		71DC8A6D27F4887500A50013 /* SignAlphabet.mlpackage in Sources */ = {isa = PBXBuildFile; fileRef = 71DC8A6C27F4887500A50013 /* SignAlphabet.mlpackage */; };
/* End PBXBuildFile section */

/* Begin PBXContainerItemProxy section */
		71DC8A3B27F47E3000A50013 /* PBXContainerItemProxy */ = {
			isa = PBXContainerItemProxy;
			containerPortal = 71DC8A2127F47E2E00A50013 /* Project object */;
			proxyType = 1;
			remoteGlobalIDString = 71DC8A2827F47E2E00A50013;
			remoteInfo = "Sign Alphabet Recognizer";
		};
		71DC8A4527F47E3000A50013 /* PBXContainerItemProxy */ = {
			isa = PBXContainerItemProxy;
			containerPortal = 71DC8A2127F47E2E00A50013 /* Project object */;
			proxyType = 1;
			remoteGlobalIDString = 71DC8A2827F47E2E00A50013;
			remoteInfo = "Sign Alphabet Recognizer";
		};
/* End PBXContainerItemProxy section */

/* Begin PBXFileReference section */
		716F825827F48DBD0012F8FA /* VisionRequest.swift */ = {isa = PBXFileReference; lastKnownFileType = sourcecode.swift; path = VisionRequest.swift; sourceTree = "<group>"; };
		71DC8A2927F47E2E00A50013 /* Sign Alphabet Recognizer.app */ = {isa = PBXFileReference; explicitFileType = wrapper.application; includeInIndex = 0; path = "Sign Alphabet Recognizer.app"; sourceTree = BUILT_PRODUCTS_DIR; };
		71DC8A2C27F47E2E00A50013 /* Sign_Alphabet_RecognizerApp.swift */ = {isa = PBXFileReference; lastKnownFileType = sourcecode.swift; path = Sign_Alphabet_RecognizerApp.swift; sourceTree = "<group>"; };
		71DC8A2E27F47E2E00A50013 /* ContentView.swift */ = {isa = PBXFileReference; lastKnownFileType = sourcecode.swift; path = ContentView.swift; sourceTree = "<group>"; };
		71DC8A3027F47E3000A50013 /* Assets.xcassets */ = {isa = PBXFileReference; lastKnownFileType = folder.assetcatalog; path = Assets.xcassets; sourceTree = "<group>"; };
		71DC8A3327F47E3000A50013 /* Preview Assets.xcassets */ = {isa = PBXFileReference; lastKnownFileType = folder.assetcatalog; path = "Preview Assets.xcassets"; sourceTree = "<group>"; };
		71DC8A3527F47E3000A50013 /* Sign_Alphabet_Recognizer.entitlements */ = {isa = PBXFileReference; lastKnownFileType = text.plist.entitlements; path = Sign_Alphabet_Recognizer.entitlements; sourceTree = "<group>"; };
		71DC8A3A27F47E3000A50013 /* Sign Alphabet RecognizerTests.xctest */ = {isa = PBXFileReference; explicitFileType = wrapper.cfbundle; includeInIndex = 0; path = "Sign Alphabet RecognizerTests.xctest"; sourceTree = BUILT_PRODUCTS_DIR; };
		71DC8A3E27F47E3000A50013 /* Sign_Alphabet_RecognizerTests.swift */ = {isa = PBXFileReference; lastKnownFileType = sourcecode.swift; path = Sign_Alphabet_RecognizerTests.swift; sourceTree = "<group>"; };
		71DC8A4427F47E3000A50013 /* Sign Alphabet RecognizerUITests.xctest */ = {isa = PBXFileReference; explicitFileType = wrapper.cfbundle; includeInIndex = 0; path = "Sign Alphabet RecognizerUITests.xctest"; sourceTree = BUILT_PRODUCTS_DIR; };
		71DC8A4827F47E3000A50013 /* Sign_Alphabet_RecognizerUITests.swift */ = {isa = PBXFileReference; lastKnownFileType = sourcecode.swift; path = Sign_Alphabet_RecognizerUITests.swift; sourceTree = "<group>"; };
		71DC8A4A27F47E3000A50013 /* Sign_Alphabet_RecognizerUITestsLaunchTests.swift */ = {isa = PBXFileReference; lastKnownFileType = sourcecode.swift; path = Sign_Alphabet_RecognizerUITestsLaunchTests.swift; sourceTree = "<group>"; };
		71DC8A6C27F4887500A50013 /* SignAlphabet.mlpackage */ = {isa = PBXFileReference; lastKnownFileType = folder.mlpackage; path = SignAlphabet.mlpackage; sourceTree = "<group>"; };
/* End PBXFileReference section */

/* Begin PBXFrameworksBuildPhase section */
		71DC8A2627F47E2E00A50013 /* Frameworks */ = {
			isa = PBXFrameworksBuildPhase;
			buildActionMask = 2147483647;
			files = (
			);
			runOnlyForDeploymentPostprocessing = 0;
		};
		71DC8A3727F47E3000A50013 /* Frameworks */ = {
			isa = PBXFrameworksBuildPhase;
			buildActionMask = 2147483647;
			files = (
			);
			runOnlyForDeploymentPostprocessing = 0;
		};
		71DC8A4127F47E3000A50013 /* Frameworks */ = {
			isa = PBXFrameworksBuildPhase;
			buildActionMask = 2147483647;
			files = (
			);
			runOnlyForDeploymentPostprocessing = 0;
		};
/* End PBXFrameworksBuildPhase section */

/* Begin PBXGroup section */
		71DC8A2027F47E2E00A50013 = {
			isa = PBXGroup;
			children = (
				71DC8A2B27F47E2E00A50013 /* Sign Alphabet Recognizer */,
				71DC8A3D27F47E3000A50013 /* Sign Alphabet RecognizerTests */,
				71DC8A4727F47E3000A50013 /* Sign Alphabet RecognizerUITests */,
				71DC8A2A27F47E2E00A50013 /* Products */,
			);
			sourceTree = "<group>";
		};
		71DC8A2A27F47E2E00A50013 /* Products */ = {
			isa = PBXGroup;
			children = (
				71DC8A2927F47E2E00A50013 /* Sign Alphabet Recognizer.app */,
				71DC8A3A27F47E3000A50013 /* Sign Alphabet RecognizerTests.xctest */,
				71DC8A4427F47E3000A50013 /* Sign Alphabet RecognizerUITests.xctest */,
			);
			name = Products;
			sourceTree = "<group>";
		};
		71DC8A2B27F47E2E00A50013 /* Sign Alphabet Recognizer */ = {
			isa = PBXGroup;
			children = (
				71DC8A2C27F47E2E00A50013 /* Sign_Alphabet_RecognizerApp.swift */,
				71DC8A2E27F47E2E00A50013 /* ContentView.swift */,
				71DC8A3027F47E3000A50013 /* Assets.xcassets */,
				71DC8A6C27F4887500A50013 /* SignAlphabet.mlpackage */,
				71DC8A3527F47E3000A50013 /* Sign_Alphabet_Recognizer.entitlements */,
				71DC8A3227F47E3000A50013 /* Preview Content */,
				716F825827F48DBD0012F8FA /* VisionRequest.swift */,
			);
			path = "Sign Alphabet Recognizer";
			sourceTree = "<group>";
		};
		71DC8A3227F47E3000A50013 /* Preview Content */ = {
			isa = PBXGroup;
			children = (
				71DC8A3327F47E3000A50013 /* Preview Assets.xcassets */,
			);
			path = "Preview Content";
			sourceTree = "<group>";
		};
		71DC8A3D27F47E3000A50013 /* Sign Alphabet RecognizerTests */ = {
			isa = PBXGroup;
			children = (
				71DC8A3E27F47E3000A50013 /* Sign_Alphabet_RecognizerTests.swift */,
			);
			path = "Sign Alphabet RecognizerTests";
			sourceTree = "<group>";
		};
		71DC8A4727F47E3000A50013 /* Sign Alphabet RecognizerUITests */ = {
			isa = PBXGroup;
			children = (
				71DC8A4827F47E3000A50013 /* Sign_Alphabet_RecognizerUITests.swift */,
				71DC8A4A27F47E3000A50013 /* Sign_Alphabet_RecognizerUITestsLaunchTests.swift */,
			);
			path = "Sign Alphabet RecognizerUITests";
			sourceTree = "<group>";
		};
/* End PBXGroup section */

/* Begin PBXNativeTarget section */
		71DC8A2827F47E2E00A50013 /* Sign Alphabet Recognizer */ = {
			isa = PBXNativeTarget;
			buildConfigurationList = 71DC8A4E27F47E3000A50013 /* Build configuration list for PBXNativeTarget "Sign Alphabet Recognizer" */;
			buildPhases = (
				71DC8A2527F47E2E00A50013 /* Sources */,
				71DC8A2627F47E2E00A50013 /* Frameworks */,
				71DC8A2727F47E2E00A50013 /* Resources */,
			);
			buildRules = (
			);
			dependencies = (
			);
			name = "Sign Alphabet Recognizer";
			productName = "Sign Alphabet Recognizer";
			productReference = 71DC8A2927F47E2E00A50013 /* Sign Alphabet Recognizer.app */;
			productType = "com.apple.product-type.application";
		};
		71DC8A3927F47E3000A50013 /* Sign Alphabet RecognizerTests */ = {
			isa = PBXNativeTarget;
			buildConfigurationList = 71DC8A5127F47E3000A50013 /* Build configuration list for PBXNativeTarget "Sign Alphabet RecognizerTests" */;
			buildPhases = (
				71DC8A3627F47E3000A50013 /* Sources */,
				71DC8A3727F47E3000A50013 /* Frameworks */,
				71DC8A3827F47E3000A50013 /* Resources */,
			);
			buildRules = (
			);
			dependencies = (
				71DC8A3C27F47E3000A50013 /* PBXTargetDependency */,
			);
			name = "Sign Alphabet RecognizerTests";
			productName = "Sign Alphabet RecognizerTests";
			productReference = 71DC8A3A27F47E3000A50013 /* Sign Alphabet RecognizerTests.xctest */;
			productType = "com.apple.product-type.bundle.unit-test";
		};
		71DC8A4327F47E3000A50013 /* Sign Alphabet RecognizerUITests */ = {
			isa = PBXNativeTarget;
			buildConfigurationList = 71DC8A5427F47E3000A50013 /* Build configuration list for PBXNativeTarget "Sign Alphabet RecognizerUITests" */;
			buildPhases = (
				71DC8A4027F47E3000A50013 /* Sources */,
				71DC8A4127F47E3000A50013 /* Frameworks */,
				71DC8A4227F47E3000A50013 /* Resources */,
			);
			buildRules = (
			);
			dependencies = (
				71DC8A4627F47E3000A50013 /* PBXTargetDependency */,
			);
			name = "Sign Alphabet RecognizerUITests";
			productName = "Sign Alphabet RecognizerUITests";
			productReference = 71DC8A4427F47E3000A50013 /* Sign Alphabet RecognizerUITests.xctest */;
			productType = "com.apple.product-type.bundle.ui-testing";
		};
/* End PBXNativeTarget section */

/* Begin PBXProject section */
		71DC8A2127F47E2E00A50013 /* Project object */ = {
			isa = PBXProject;
			attributes = {
				BuildIndependentTargetsInParallel = 1;
				LastSwiftUpdateCheck = 1300;
				LastUpgradeCheck = 1300;
				TargetAttributes = {
					71DC8A2827F47E2E00A50013 = {
						CreatedOnToolsVersion = 13.0;
					};
					71DC8A3927F47E3000A50013 = {
						CreatedOnToolsVersion = 13.0;
						TestTargetID = 71DC8A2827F47E2E00A50013;
					};
					71DC8A4327F47E3000A50013 = {
						CreatedOnToolsVersion = 13.0;
						TestTargetID = 71DC8A2827F47E2E00A50013;
					};
				};
			};
			buildConfigurationList = 71DC8A2427F47E2E00A50013 /* Build configuration list for PBXProject "Sign Alphabet Recognizer" */;
			compatibilityVersion = "Xcode 13.0";
			developmentRegion = en;
			hasScannedForEncodings = 0;
			knownRegions = (
				en,
				Base,
			);
			mainGroup = 71DC8A2027F47E2E00A50013;
			productRefGroup = 71DC8A2A27F47E2E00A50013 /* Products */;
			projectDirPath = "";
			projectRoot = "";
			targets = (
				71DC8A2827F47E2E00A50013 /* Sign Alphabet Recognizer */,
				71DC8A3927F47E3000A50013 /* Sign Alphabet RecognizerTests */,
				71DC8A4327F47E3000A50013 /* Sign Alphabet RecognizerUITests */,
			);
		};
/* End PBXProject section */

/* Begin PBXResourcesBuildPhase section */
		71DC8A2727F47E2E00A50013 /* Resources */ = {
			isa = PBXResourcesBuildPhase;
			buildActionMask = 2147483647;
			files = (
				71DC8A3427F47E3000A50013 /* Preview Assets.xcassets in Resources */,
				71DC8A3127F47E3000A50013 /* Assets.xcassets in Resources */,
			);
			runOnlyForDeploymentPostprocessing = 0;
		};
		71DC8A3827F47E3000A50013 /* Resources */ = {
			isa = PBXResourcesBuildPhase;
			buildActionMask = 2147483647;
			files = (
			);
			runOnlyForDeploymentPostprocessing = 0;
		};
		71DC8A4227F47E3000A50013 /* Resources */ = {
			isa = PBXResourcesBuildPhase;
			buildActionMask = 2147483647;
			files = (
			);
			runOnlyForDeploymentPostprocessing = 0;
		};
/* End PBXResourcesBuildPhase section */

/* Begin PBXSourcesBuildPhase section */
		71DC8A2527F47E2E00A50013 /* Sources */ = {
			isa = PBXSourcesBuildPhase;
			buildActionMask = 2147483647;
			files = (
				71DC8A2F27F47E2E00A50013 /* ContentView.swift in Sources */,
				71DC8A2D27F47E2E00A50013 /* Sign_Alphabet_RecognizerApp.swift in Sources */,
				71DC8A6D27F4887500A50013 /* SignAlphabet.mlpackage in Sources */,
				716F825927F48DBD0012F8FA /* VisionRequest.swift in Sources */,
			);
			runOnlyForDeploymentPostprocessing = 0;
		};
		71DC8A3627F47E3000A50013 /* Sources */ = {
			isa = PBXSourcesBuildPhase;
			buildActionMask = 2147483647;
			files = (
				71DC8A3F27F47E3000A50013 /* Sign_Alphabet_RecognizerTests.swift in Sources */,
			);
			runOnlyForDeploymentPostprocessing = 0;
		};
		71DC8A4027F47E3000A50013 /* Sources */ = {
			isa = PBXSourcesBuildPhase;
			buildActionMask = 2147483647;
			files = (
				71DC8A4B27F47E3000A50013 /* Sign_Alphabet_RecognizerUITestsLaunchTests.swift in Sources */,
				71DC8A4927F47E3000A50013 /* Sign_Alphabet_RecognizerUITests.swift in Sources */,
			);
			runOnlyForDeploymentPostprocessing = 0;
		};
/* End PBXSourcesBuildPhase section */

/* Begin PBXTargetDependency section */
		71DC8A3C27F47E3000A50013 /* PBXTargetDependency */ = {
			isa = PBXTargetDependency;
			target = 71DC8A2827F47E2E00A50013 /* Sign Alphabet Recognizer */;
			targetProxy = 71DC8A3B27F47E3000A50013 /* PBXContainerItemProxy */;
		};
		71DC8A4627F47E3000A50013 /* PBXTargetDependency */ = {
			isa = PBXTargetDependency;
			target = 71DC8A2827F47E2E00A50013 /* Sign Alphabet Recognizer */;
			targetProxy = 71DC8A4527F47E3000A50013 /* PBXContainerItemProxy */;
		};
/* End PBXTargetDependency section */

/* Begin XCBuildConfiguration section */
		71DC8A4C27F47E3000A50013 /* Debug */ = {
			isa = XCBuildConfiguration;
			buildSettings = {
				ALWAYS_SEARCH_USER_PATHS = NO;
				CLANG_ANALYZER_NONNULL = YES;
				CLANG_ANALYZER_NUMBER_OBJECT_CONVERSION = YES_AGGRESSIVE;
				CLANG_CXX_LANGUAGE_STANDARD = "gnu++17";
				CLANG_CXX_LIBRARY = "libc++";
				CLANG_ENABLE_MODULES = YES;
				CLANG_ENABLE_OBJC_ARC = YES;
				CLANG_ENABLE_OBJC_WEAK = YES;
				CLANG_WARN_BLOCK_CAPTURE_AUTORELEASING = YES;
				CLANG_WARN_BOOL_CONVERSION = YES;
				CLANG_WARN_COMMA = YES;
				CLANG_WARN_CONSTANT_CONVERSION = YES;
				CLANG_WARN_DEPRECATED_OBJC_IMPLEMENTATIONS = YES;
				CLANG_WARN_DIRECT_OBJC_ISA_USAGE = YES_ERROR;
				CLANG_WARN_DOCUMENTATION_COMMENTS = YES;
				CLANG_WARN_EMPTY_BODY = YES;
				CLANG_WARN_ENUM_CONVERSION = YES;
				CLANG_WARN_INFINITE_RECURSION = YES;
				CLANG_WARN_INT_CONVERSION = YES;
				CLANG_WARN_NON_LITERAL_NULL_CONVERSION = YES;
				CLANG_WARN_OBJC_IMPLICIT_RETAIN_SELF = YES;
				CLANG_WARN_OBJC_LITERAL_CONVERSION = YES;
				CLANG_WARN_OBJC_ROOT_CLASS = YES_ERROR;
				CLANG_WARN_QUOTED_INCLUDE_IN_FRAMEWORK_HEADER = YES;
				CLANG_WARN_RANGE_LOOP_ANALYSIS = YES;
				CLANG_WARN_STRICT_PROTOTYPES = YES;
				CLANG_WARN_SUSPICIOUS_MOVE = YES;
				CLANG_WARN_UNGUARDED_AVAILABILITY = YES_AGGRESSIVE;
				CLANG_WARN_UNREACHABLE_CODE = YES;
				CLANG_WARN__DUPLICATE_METHOD_MATCH = YES;
				COPY_PHASE_STRIP = NO;
				DEBUG_INFORMATION_FORMAT = dwarf;
				ENABLE_STRICT_OBJC_MSGSEND = YES;
				ENABLE_TESTABILITY = YES;
				GCC_C_LANGUAGE_STANDARD = gnu11;
				GCC_DYNAMIC_NO_PIC = NO;
				GCC_NO_COMMON_BLOCKS = YES;
				GCC_OPTIMIZATION_LEVEL = 0;
				GCC_PREPROCESSOR_DEFINITIONS = (
					"DEBUG=1",
					"$(inherited)",
				);
				GCC_WARN_64_TO_32_BIT_CONVERSION = YES;
				GCC_WARN_ABOUT_RETURN_TYPE = YES_ERROR;
				GCC_WARN_UNDECLARED_SELECTOR = YES;
				GCC_WARN_UNINITIALIZED_AUTOS = YES_AGGRESSIVE;
				GCC_WARN_UNUSED_FUNCTION = YES;
				GCC_WARN_UNUSED_VARIABLE = YES;
				MACOSX_DEPLOYMENT_TARGET = 11.3;
				MTL_ENABLE_DEBUG_INFO = INCLUDE_SOURCE;
				MTL_FAST_MATH = YES;
				ONLY_ACTIVE_ARCH = YES;
				SDKROOT = macosx;
				SWIFT_ACTIVE_COMPILATION_CONDITIONS = DEBUG;
				SWIFT_OPTIMIZATION_LEVEL = "-Onone";
			};
			name = Debug;
		};
		71DC8A4D27F47E3000A50013 /* Release */ = {
			isa = XCBuildConfiguration;
			buildSettings = {
				ALWAYS_SEARCH_USER_PATHS = NO;
				CLANG_ANALYZER_NONNULL = YES;
				CLANG_ANALYZER_NUMBER_OBJECT_CONVERSION = YES_AGGRESSIVE;
				CLANG_CXX_LANGUAGE_STANDARD = "gnu++17";
				CLANG_CXX_LIBRARY = "libc++";
				CLANG_ENABLE_MODULES = YES;
				CLANG_ENABLE_OBJC_ARC = YES;
				CLANG_ENABLE_OBJC_WEAK = YES;
				CLANG_WARN_BLOCK_CAPTURE_AUTORELEASING = YES;
				CLANG_WARN_BOOL_CONVERSION = YES;
				CLANG_WARN_COMMA = YES;
				CLANG_WARN_CONSTANT_CONVERSION = YES;
				CLANG_WARN_DEPRECATED_OBJC_IMPLEMENTATIONS = YES;
				CLANG_WARN_DIRECT_OBJC_ISA_USAGE = YES_ERROR;
				CLANG_WARN_DOCUMENTATION_COMMENTS = YES;
				CLANG_WARN_EMPTY_BODY = YES;
				CLANG_WARN_ENUM_CONVERSION = YES;
				CLANG_WARN_INFINITE_RECURSION = YES;
				CLANG_WARN_INT_CONVERSION = YES;
				CLANG_WARN_NON_LITERAL_NULL_CONVERSION = YES;
				CLANG_WARN_OBJC_IMPLICIT_RETAIN_SELF = YES;
				CLANG_WARN_OBJC_LITERAL_CONVERSION = YES;
				CLANG_WARN_OBJC_ROOT_CLASS = YES_ERROR;
				CLANG_WARN_QUOTED_INCLUDE_IN_FRAMEWORK_HEADER = YES;
				CLANG_WARN_RANGE_LOOP_ANALYSIS = YES;
				CLANG_WARN_STRICT_PROTOTYPES = YES;
				CLANG_WARN_SUSPICIOUS_MOVE = YES;
				CLANG_WARN_UNGUARDED_AVAILABILITY = YES_AGGRESSIVE;
				CLANG_WARN_UNREACHABLE_CODE = YES;
				CLANG_WARN__DUPLICATE_METHOD_MATCH = YES;
				COPY_PHASE_STRIP = NO;
				DEBUG_INFORMATION_FORMAT = "dwarf-with-dsym";
				ENABLE_NS_ASSERTIONS = NO;
				ENABLE_STRICT_OBJC_MSGSEND = YES;
				GCC_C_LANGUAGE_STANDARD = gnu11;
				GCC_NO_COMMON_BLOCKS = YES;
				GCC_WARN_64_TO_32_BIT_CONVERSION = YES;
				GCC_WARN_ABOUT_RETURN_TYPE = YES_ERROR;
				GCC_WARN_UNDECLARED_SELECTOR = YES;
				GCC_WARN_UNINITIALIZED_AUTOS = YES_AGGRESSIVE;
				GCC_WARN_UNUSED_FUNCTION = YES;
				GCC_WARN_UNUSED_VARIABLE = YES;
				MACOSX_DEPLOYMENT_TARGET = 11.3;
				MTL_ENABLE_DEBUG_INFO = NO;
				MTL_FAST_MATH = YES;
				SDKROOT = macosx;
				SWIFT_COMPILATION_MODE = wholemodule;
				SWIFT_OPTIMIZATION_LEVEL = "-O";
			};
			name = Release;
		};
		71DC8A4F27F47E3000A50013 /* Debug */ = {
			isa = XCBuildConfiguration;
			buildSettings = {
				ASSETCATALOG_COMPILER_APPICON_NAME = AppIcon;
				ASSETCATALOG_COMPILER_GLOBAL_ACCENT_COLOR_NAME = AccentColor;
				CODE_SIGN_ENTITLEMENTS = "Sign Alphabet Recognizer/Sign_Alphabet_Recognizer.entitlements";
				CODE_SIGN_STYLE = Automatic;
				COMBINE_HIDPI_IMAGES = YES;
				CURRENT_PROJECT_VERSION = 1;
				DEVELOPMENT_ASSET_PATHS = "\"Sign Alphabet Recognizer/Preview Content\"";
				DEVELOPMENT_TEAM = AH7YQ86734;
				ENABLE_HARDENED_RUNTIME = YES;
				ENABLE_PREVIEWS = YES;
				GENERATE_INFOPLIST_FILE = YES;
				INFOPLIST_KEY_NSHumanReadableCopyright = "";
				LD_RUNPATH_SEARCH_PATHS = (
					"$(inherited)",
					"@executable_path/../Frameworks",
				);
				MACOSX_DEPLOYMENT_TARGET = 11.0;
				MARKETING_VERSION = 1.0;
				PRODUCT_BUNDLE_IDENTIFIER = "ale.Sign-Alphabet-Recognizer";
				PRODUCT_NAME = "$(TARGET_NAME)";
				SWIFT_EMIT_LOC_STRINGS = YES;
				SWIFT_VERSION = 5.0;
			};
			name = Debug;
		};
		71DC8A5027F47E3000A50013 /* Release */ = {
			isa = XCBuildConfiguration;
			buildSettings = {
				ASSETCATALOG_COMPILER_APPICON_NAME = AppIcon;
				ASSETCATALOG_COMPILER_GLOBAL_ACCENT_COLOR_NAME = AccentColor;
				CODE_SIGN_ENTITLEMENTS = "Sign Alphabet Recognizer/Sign_Alphabet_Recognizer.entitlements";
				CODE_SIGN_STYLE = Automatic;
				COMBINE_HIDPI_IMAGES = YES;
				CURRENT_PROJECT_VERSION = 1;
				DEVELOPMENT_ASSET_PATHS = "\"Sign Alphabet Recognizer/Preview Content\"";
				DEVELOPMENT_TEAM = AH7YQ86734;
				ENABLE_HARDENED_RUNTIME = YES;
				ENABLE_PREVIEWS = YES;
				GENERATE_INFOPLIST_FILE = YES;
				INFOPLIST_KEY_NSHumanReadableCopyright = "";
				LD_RUNPATH_SEARCH_PATHS = (
					"$(inherited)",
					"@executable_path/../Frameworks",
				);
				MACOSX_DEPLOYMENT_TARGET = 11.0;
				MARKETING_VERSION = 1.0;
				PRODUCT_BUNDLE_IDENTIFIER = "ale.Sign-Alphabet-Recognizer";
				PRODUCT_NAME = "$(TARGET_NAME)";
				SWIFT_EMIT_LOC_STRINGS = YES;
				SWIFT_VERSION = 5.0;
			};
			name = Release;
		};
		71DC8A5227F47E3000A50013 /* Debug */ = {
			isa = XCBuildConfiguration;
			buildSettings = {
				ALWAYS_EMBED_SWIFT_STANDARD_LIBRARIES = YES;
				BUNDLE_LOADER = "$(TEST_HOST)";
				CODE_SIGN_STYLE = Automatic;
				COMBINE_HIDPI_IMAGES = YES;
				CURRENT_PROJECT_VERSION = 1;
				DEVELOPMENT_TEAM = AH7YQ86734;
				GENERATE_INFOPLIST_FILE = YES;
				LD_RUNPATH_SEARCH_PATHS = (
					"$(inherited)",
					"@executable_path/../Frameworks",
					"@loader_path/../Frameworks",
				);
				MACOSX_DEPLOYMENT_TARGET = 11.0;
				MARKETING_VERSION = 1.0;
				PRODUCT_BUNDLE_IDENTIFIER = "ale.Sign-Alphabet-RecognizerTests";
				PRODUCT_NAME = "$(TARGET_NAME)";
				SWIFT_EMIT_LOC_STRINGS = NO;
				SWIFT_VERSION = 5.0;
				TEST_HOST = "$(BUILT_PRODUCTS_DIR)/Sign Alphabet Recognizer.app/Contents/MacOS/Sign Alphabet Recognizer";
			};
			name = Debug;
		};
		71DC8A5327F47E3000A50013 /* Release */ = {
			isa = XCBuildConfiguration;
			buildSettings = {
				ALWAYS_EMBED_SWIFT_STANDARD_LIBRARIES = YES;
				BUNDLE_LOADER = "$(TEST_HOST)";
				CODE_SIGN_STYLE = Automatic;
				COMBINE_HIDPI_IMAGES = YES;
				CURRENT_PROJECT_VERSION = 1;
				DEVELOPMENT_TEAM = AH7YQ86734;
				GENERATE_INFOPLIST_FILE = YES;
				LD_RUNPATH_SEARCH_PATHS = (
					"$(inherited)",
					"@executable_path/../Frameworks",
					"@loader_path/../Frameworks",
				);
				MACOSX_DEPLOYMENT_TARGET = 11.0;
				MARKETING_VERSION = 1.0;
				PRODUCT_BUNDLE_IDENTIFIER = "ale.Sign-Alphabet-RecognizerTests";
				PRODUCT_NAME = "$(TARGET_NAME)";
				SWIFT_EMIT_LOC_STRINGS = NO;
				SWIFT_VERSION = 5.0;
				TEST_HOST = "$(BUILT_PRODUCTS_DIR)/Sign Alphabet Recognizer.app/Contents/MacOS/Sign Alphabet Recognizer";
			};
			name = Release;
		};
		71DC8A5527F47E3000A50013 /* Debug */ = {
			isa = XCBuildConfiguration;
			buildSettings = {
				ALWAYS_EMBED_SWIFT_STANDARD_LIBRARIES = YES;
				CODE_SIGN_STYLE = Automatic;
				COMBINE_HIDPI_IMAGES = YES;
				CURRENT_PROJECT_VERSION = 1;
				DEVELOPMENT_TEAM = AH7YQ86734;
				GENERATE_INFOPLIST_FILE = YES;
				LD_RUNPATH_SEARCH_PATHS = (
					"$(inherited)",
					"@executable_path/../Frameworks",
					"@loader_path/../Frameworks",
				);
				MARKETING_VERSION = 1.0;
				PRODUCT_BUNDLE_IDENTIFIER = "ale.Sign-Alphabet-RecognizerUITests";
				PRODUCT_NAME = "$(TARGET_NAME)";
				SWIFT_EMIT_LOC_STRINGS = NO;
				SWIFT_VERSION = 5.0;
				TEST_TARGET_NAME = "Sign Alphabet Recognizer";
			};
			name = Debug;
		};
		71DC8A5627F47E3000A50013 /* Release */ = {
			isa = XCBuildConfiguration;
			buildSettings = {
				ALWAYS_EMBED_SWIFT_STANDARD_LIBRARIES = YES;
				CODE_SIGN_STYLE = Automatic;
				COMBINE_HIDPI_IMAGES = YES;
				CURRENT_PROJECT_VERSION = 1;
				DEVELOPMENT_TEAM = AH7YQ86734;
				GENERATE_INFOPLIST_FILE = YES;
				LD_RUNPATH_SEARCH_PATHS = (
					"$(inherited)",
					"@executable_path/../Frameworks",
					"@loader_path/../Frameworks",
				);
				MARKETING_VERSION = 1.0;
				PRODUCT_BUNDLE_IDENTIFIER = "ale.Sign-Alphabet-RecognizerUITests";
				PRODUCT_NAME = "$(TARGET_NAME)";
				SWIFT_EMIT_LOC_STRINGS = NO;
				SWIFT_VERSION = 5.0;
				TEST_TARGET_NAME = "Sign Alphabet Recognizer";
			};
			name = Release;
		};
/* End XCBuildConfiguration section */

/* Begin XCConfigurationList section */
		71DC8A2427F47E2E00A50013 /* Build configuration list for PBXProject "Sign Alphabet Recognizer" */ = {
			isa = XCConfigurationList;
			buildConfigurations = (
				71DC8A4C27F47E3000A50013 /* Debug */,
				71DC8A4D27F47E3000A50013 /* Release */,
			);
			defaultConfigurationIsVisible = 0;
			defaultConfigurationName = Release;
		};
		71DC8A4E27F47E3000A50013 /* Build configuration list for PBXNativeTarget "Sign Alphabet Recognizer" */ = {
			isa = XCConfigurationList;
			buildConfigurations = (
				71DC8A4F27F47E3000A50013 /* Debug */,
				71DC8A5027F47E3000A50013 /* Release */,
			);
			defaultConfigurationIsVisible = 0;
			defaultConfigurationName = Release;
		};
		71DC8A5127F47E3000A50013 /* Build configuration list for PBXNativeTarget "Sign Alphabet RecognizerTests" */ = {
			isa = XCConfigurationList;
			buildConfigurations = (
				71DC8A5227F47E3000A50013 /* Debug */,
				71DC8A5327F47E3000A50013 /* Release */,
			);
			defaultConfigurationIsVisible = 0;
			defaultConfigurationName = Release;
		};
		71DC8A5427F47E3000A50013 /* Build configuration list for PBXNativeTarget "Sign Alphabet RecognizerUITests" */ = {
			isa = XCConfigurationList;
			buildConfigurations = (
				71DC8A5527F47E3000A50013 /* Debug */,
				71DC8A5627F47E3000A50013 /* Release */,
			);
			defaultConfigurationIsVisible = 0;
			defaultConfigurationName = Release;
		};
/* End XCConfigurationList section */
	};
	rootObject = 71DC8A2127F47E2E00A50013 /* Project object */;
}
